
Microsoft Visual Studio Solution File, Format Version 12.00
# Visual Studio Version 16
VisualStudioVersion = 16.0.28803.202
MinimumVisualStudioVersion = 10.0.40219.1
Project("{FAE04EC0-301F-11D3-BF4B-00C04F79EFBC}") = "WebStore", "WebStore\WebStore.csproj", "{691B08A8-78D1-4DBE-98B2-14AA5764330C}"
EndProject
Global
	GlobalSection(SolutionConfigurationPlatforms) = preSolution
		Debug|Any CPU = Debug|Any CPU
		Release|Any CPU = Release|Any CPU
	EndGlobalSection
	GlobalSection(ProjectConfigurationPlatforms) = postSolution
		{691B08A8-78D1-4DBE-98B2-14AA5764330C}.Debug|Any CPU.ActiveCfg = Debug|Any CPU
		{691B08A8-78D1-4DBE-98B2-14AA5764330C}.Debug|Any CPU.Build.0 = Debug|Any CPU
		{691B08A8-78D1-4DBE-98B2-14AA5764330C}.Release|Any CPU.ActiveCfg = Release|Any CPU
		{691B08A8-78D1-4DBE-98B2-14AA5764330C}.Release|Any CPU.Build.0 = Release|Any CPU
	EndGlobalSection
	GlobalSection(SolutionProperties) = preSolution
		HideSolutionNode = FALSE
	EndGlobalSection
	GlobalSection(ExtensibilityGlobals) = postSolution
		SolutionGuid = {A71B542D-D13C-4FA7-A88B-BE01C96B6F9B}
	EndGlobalSection
EndGlobal
